
Microsoft Visual Studio Solution File, Format Version 12.00
# Visual Studio Version 17
VisualStudioVersion = 17.8.34330.188
MinimumVisualStudioVersion = 10.0.40219.1
Project("{FAE04EC0-301F-11D3-BF4B-00C04F79EFBC}") = "KeyStore.Api", "RentalCarr.Api\KeyStore.Api.csproj", "{6F29DAF1-4FD0-4F0D-9916-2190744493B0}"
EndProject
Project("{FAE04EC0-301F-11D3-BF4B-00C04F79EFBC}") = "KeyStore.Application", "RentalCarr.Application\KeyStore.Application.csproj", "{0840A955-EBB1-4B4E-918A-5FD6BB15255D}"
EndProject
Project("{FAE04EC0-301F-11D3-BF4B-00C04F79EFBC}") = "KeyStore.Domain", "RentalCarr.Domain\KeyStore.Domain.csproj", "{B78685E1-6AA4-424D-9720-C5B5731B04A5}"
EndProject
Project("{FAE04EC0-301F-11D3-BF4B-00C04F79EFBC}") = "KeyStore.Infrastructure", "RentalCarr.Infrastructure\KeyStore.Infrastructure.csproj", "{5FBB13FD-1395-4FA6-B9F0-92E632B5B120}"
EndProject
Global
	GlobalSection(SolutionConfigurationPlatforms) = preSolution
		Debug|Any CPU = Debug|Any CPU
		Release|Any CPU = Release|Any CPU
	EndGlobalSection
	GlobalSection(ProjectConfigurationPlatforms) = postSolution
		{6F29DAF1-4FD0-4F0D-9916-2190744493B0}.Debug|Any CPU.ActiveCfg = Debug|Any CPU
		{6F29DAF1-4FD0-4F0D-9916-2190744493B0}.Debug|Any CPU.Build.0 = Debug|Any CPU
		{6F29DAF1-4FD0-4F0D-9916-2190744493B0}.Release|Any CPU.ActiveCfg = Release|Any CPU
		{6F29DAF1-4FD0-4F0D-9916-2190744493B0}.Release|Any CPU.Build.0 = Release|Any CPU
		{0840A955-EBB1-4B4E-918A-5FD6BB15255D}.Debug|Any CPU.ActiveCfg = Debug|Any CPU
		{0840A955-EBB1-4B4E-918A-5FD6BB15255D}.Debug|Any CPU.Build.0 = Debug|Any CPU
		{0840A955-EBB1-4B4E-918A-5FD6BB15255D}.Release|Any CPU.ActiveCfg = Release|Any CPU
		{0840A955-EBB1-4B4E-918A-5FD6BB15255D}.Release|Any CPU.Build.0 = Release|Any CPU
		{B78685E1-6AA4-424D-9720-C5B5731B04A5}.Debug|Any CPU.ActiveCfg = Debug|Any CPU
		{B78685E1-6AA4-424D-9720-C5B5731B04A5}.Debug|Any CPU.Build.0 = Debug|Any CPU
		{B78685E1-6AA4-424D-9720-C5B5731B04A5}.Release|Any CPU.ActiveCfg = Release|Any CPU
		{B78685E1-6AA4-424D-9720-C5B5731B04A5}.Release|Any CPU.Build.0 = Release|Any CPU
		{5FBB13FD-1395-4FA6-B9F0-92E632B5B120}.Debug|Any CPU.ActiveCfg = Debug|Any CPU
		{5FBB13FD-1395-4FA6-B9F0-92E632B5B120}.Debug|Any CPU.Build.0 = Debug|Any CPU
		{5FBB13FD-1395-4FA6-B9F0-92E632B5B120}.Release|Any CPU.ActiveCfg = Release|Any CPU
		{5FBB13FD-1395-4FA6-B9F0-92E632B5B120}.Release|Any CPU.Build.0 = Release|Any CPU
	EndGlobalSection
	GlobalSection(SolutionProperties) = preSolution
		HideSolutionNode = FALSE
	EndGlobalSection
	GlobalSection(ExtensibilityGlobals) = postSolution
		SolutionGuid = {FA1A6C9A-4ABB-4707-BF5C-5CD8AFD890E9}
	EndGlobalSection
EndGlobal
